
Microsoft Visual Studio Solution File, Format Version 12.00
# Visual Studio 14
VisualStudioVersion = 14.0.25420.1
MinimumVisualStudioVersion = 10.0.40219.1
Project("{FAE04EC0-301F-11D3-BF4B-00C04F79EFBC}") = "CreditCardValidator", "CreditCardValidator\CreditCardValidator.csproj", "{78D8CC71-5894-403D-A678-BEC413C74689}"
EndProject
Project("{FAE04EC0-301F-11D3-BF4B-00C04F79EFBC}") = "CreditCardValidator.Test", "CreditCardValidator.Test\CreditCardValidator.Test.csproj", "{0C58BFFD-F311-4E27-9BD5-6244F23B3DEF}"
	ProjectSection(ProjectDependencies) = postProject
		{78D8CC71-5894-403D-A678-BEC413C74689} = {78D8CC71-5894-403D-A678-BEC413C74689}
	EndProjectSection
EndProject
Global
	GlobalSection(SolutionConfigurationPlatforms) = preSolution
		Debug|Any CPU = Debug|Any CPU
		Release|Any CPU = Release|Any CPU
	EndGlobalSection
	GlobalSection(ProjectConfigurationPlatforms) = postSolution
		{78D8CC71-5894-403D-A678-BEC413C74689}.Debug|Any CPU.ActiveCfg = Debug|Any CPU
		{78D8CC71-5894-403D-A678-BEC413C74689}.Debug|Any CPU.Build.0 = Debug|Any CPU
		{78D8CC71-5894-403D-A678-BEC413C74689}.Release|Any CPU.ActiveCfg = Release|Any CPU
		{78D8CC71-5894-403D-A678-BEC413C74689}.Release|Any CPU.Build.0 = Release|Any CPU
		{0C58BFFD-F311-4E27-9BD5-6244F23B3DEF}.Debug|Any CPU.ActiveCfg = Debug|Any CPU
		{0C58BFFD-F311-4E27-9BD5-6244F23B3DEF}.Debug|Any CPU.Build.0 = Debug|Any CPU
		{0C58BFFD-F311-4E27-9BD5-6244F23B3DEF}.Release|Any CPU.ActiveCfg = Release|Any CPU
		{0C58BFFD-F311-4E27-9BD5-6244F23B3DEF}.Release|Any CPU.Build.0 = Release|Any CPU
	EndGlobalSection
	GlobalSection(SolutionProperties) = preSolution
		HideSolutionNode = FALSE
	EndGlobalSection
EndGlobal
